
Microsoft Visual Studio Solution File, Format Version 12.00
# Visual Studio Version 17
VisualStudioVersion = 17.0.31903.59
MinimumVisualStudioVersion = 10.0.40219.1
Project("{2150E333-8FDC-42A3-9474-1A3956D46DE8}") = "src", "src", "{827E0CD3-B72D-47B6-A68D-7590B98EB39B}"
EndProject
Project("{FAE04EC0-301F-11D3-BF4B-00C04F79EFBC}") = "Auth.Domain", "src\Auth.Domain\Auth.Domain.csproj", "{489B2A2F-8E10-4079-B02F-14772AF79260}"
EndProject
Project("{FAE04EC0-301F-11D3-BF4B-00C04F79EFBC}") = "Auth.Application", "src\Auth.Application\Auth.Application.csproj", "{0B2B9D96-B4F3-4D64-9703-D20217F1AA28}"
EndProject
Project("{FAE04EC0-301F-11D3-BF4B-00C04F79EFBC}") = "Auth.Infrastructure", "src\Auth.Infrastructure\Auth.Infrastructure.csproj", "{AB1DE02C-47E7-45BF-A610-A3C42C9FB897}"
EndProject
Project("{FAE04EC0-301F-11D3-BF4B-00C04F79EFBC}") = "Auth.Api", "src\Auth.Api\Auth.Api.csproj", "{F4009065-F680-4316-8C75-6E1132BCF03F}"
EndProject
Global
	GlobalSection(SolutionConfigurationPlatforms) = preSolution
		Debug|Any CPU = Debug|Any CPU
		Debug|x64 = Debug|x64
		Debug|x86 = Debug|x86
		Release|Any CPU = Release|Any CPU
		Release|x64 = Release|x64
		Release|x86 = Release|x86
	EndGlobalSection
	GlobalSection(ProjectConfigurationPlatforms) = postSolution
		{489B2A2F-8E10-4079-B02F-14772AF79260}.Debug|Any CPU.ActiveCfg = Debug|Any CPU
		{489B2A2F-8E10-4079-B02F-14772AF79260}.Debug|Any CPU.Build.0 = Debug|Any CPU
		{489B2A2F-8E10-4079-B02F-14772AF79260}.Debug|x64.ActiveCfg = Debug|Any CPU
		{489B2A2F-8E10-4079-B02F-14772AF79260}.Debug|x64.Build.0 = Debug|Any CPU
		{489B2A2F-8E10-4079-B02F-14772AF79260}.Debug|x86.ActiveCfg = Debug|Any CPU
		{489B2A2F-8E10-4079-B02F-14772AF79260}.Debug|x86.Build.0 = Debug|Any CPU
		{489B2A2F-8E10-4079-B02F-14772AF79260}.Release|Any CPU.ActiveCfg = Release|Any CPU
		{489B2A2F-8E10-4079-B02F-14772AF79260}.Release|Any CPU.Build.0 = Release|Any CPU
		{489B2A2F-8E10-4079-B02F-14772AF79260}.Release|x64.ActiveCfg = Release|Any CPU
		{489B2A2F-8E10-4079-B02F-14772AF79260}.Release|x64.Build.0 = Release|Any CPU
		{489B2A2F-8E10-4079-B02F-14772AF79260}.Release|x86.ActiveCfg = Release|Any CPU
		{489B2A2F-8E10-4079-B02F-14772AF79260}.Release|x86.Build.0 = Release|Any CPU
		{0B2B9D96-B4F3-4D64-9703-D20217F1AA28}.Debug|Any CPU.ActiveCfg = Debug|Any CPU
		{0B2B9D96-B4F3-4D64-9703-D20217F1AA28}.Debug|Any CPU.Build.0 = Debug|Any CPU
		{0B2B9D96-B4F3-4D64-9703-D20217F1AA28}.Debug|x64.ActiveCfg = Debug|Any CPU
		{0B2B9D96-B4F3-4D64-9703-D20217F1AA28}.Debug|x64.Build.0 = Debug|Any CPU
		{0B2B9D96-B4F3-4D64-9703-D20217F1AA28}.Debug|x86.ActiveCfg = Debug|Any CPU
		{0B2B9D96-B4F3-4D64-9703-D20217F1AA28}.Debug|x86.Build.0 = Debug|Any CPU
		{0B2B9D96-B4F3-4D64-9703-D20217F1AA28}.Release|Any CPU.ActiveCfg = Release|Any CPU
		{0B2B9D96-B4F3-4D64-9703-D20217F1AA28}.Release|Any CPU.Build.0 = Release|Any CPU
		{0B2B9D96-B4F3-4D64-9703-D20217F1AA28}.Release|x64.ActiveCfg = Release|Any CPU
		{0B2B9D96-B4F3-4D64-9703-D20217F1AA28}.Release|x64.Build.0 = Release|Any CPU
		{0B2B9D96-B4F3-4D64-9703-D20217F1AA28}.Release|x86.ActiveCfg = Release|Any CPU
		{0B2B9D96-B4F3-4D64-9703-D20217F1AA28}.Release|x86.Build.0 = Release|Any CPU
		{AB1DE02C-47E7-45BF-A610-A3C42C9FB897}.Debug|Any CPU.ActiveCfg = Debug|Any CPU
		{AB1DE02C-47E7-45BF-A610-A3C42C9FB897}.Debug|Any CPU.Build.0 = Debug|Any CPU
		{AB1DE02C-47E7-45BF-A610-A3C42C9FB897}.Debug|x64.ActiveCfg = Debug|Any CPU
		{AB1DE02C-47E7-45BF-A610-A3C42C9FB897}.Debug|x64.Build.0 = Debug|Any CPU
		{AB1DE02C-47E7-45BF-A610-A3C42C9FB897}.Debug|x86.ActiveCfg = Debug|Any CPU
		{AB1DE02C-47E7-45BF-A610-A3C42C9FB897}.Debug|x86.Build.0 = Debug|Any CPU
		{AB1DE02C-47E7-45BF-A610-A3C42C9FB897}.Release|Any CPU.ActiveCfg = Release|Any CPU
		{AB1DE02C-47E7-45BF-A610-A3C42C9FB897}.Release|Any CPU.Build.0 = Release|Any CPU
		{AB1DE02C-47E7-45BF-A610-A3C42C9FB897}.Release|x64.ActiveCfg = Release|Any CPU
		{AB1DE02C-47E7-45BF-A610-A3C42C9FB897}.Release|x64.Build.0 = Release|Any CPU
		{AB1DE02C-47E7-45BF-A610-A3C42C9FB897}.Release|x86.ActiveCfg = Release|Any CPU
		{AB1DE02C-47E7-45BF-A610-A3C42C9FB897}.Release|x86.Build.0 = Release|Any CPU
		{F4009065-F680-4316-8C75-6E1132BCF03F}.Debug|Any CPU.ActiveCfg = Debug|Any CPU
		{F4009065-F680-4316-8C75-6E1132BCF03F}.Debug|Any CPU.Build.0 = Debug|Any CPU
		{F4009065-F680-4316-8C75-6E1132BCF03F}.Debug|x64.ActiveCfg = Debug|Any CPU
		{F4009065-F680-4316-8C75-6E1132BCF03F}.Debug|x64.Build.0 = Debug|Any CPU
		{F4009065-F680-4316-8C75-6E1132BCF03F}.Debug|x86.ActiveCfg = Debug|Any CPU
		{F4009065-F680-4316-8C75-6E1132BCF03F}.Debug|x86.Build.0 = Debug|Any CPU
		{F4009065-F680-4316-8C75-6E1132BCF03F}.Release|Any CPU.ActiveCfg = Release|Any CPU
		{F4009065-F680-4316-8C75-6E1132BCF03F}.Release|Any CPU.Build.0 = Release|Any CPU
		{F4009065-F680-4316-8C75-6E1132BCF03F}.Release|x64.ActiveCfg = Release|Any CPU
		{F4009065-F680-4316-8C75-6E1132BCF03F}.Release|x64.Build.0 = Release|Any CPU
		{F4009065-F680-4316-8C75-6E1132BCF03F}.Release|x86.ActiveCfg = Release|Any CPU
		{F4009065-F680-4316-8C75-6E1132BCF03F}.Release|x86.Build.0 = Release|Any CPU
	EndGlobalSection
	GlobalSection(SolutionProperties) = preSolution
		HideSolutionNode = FALSE
	EndGlobalSection
	GlobalSection(NestedProjects) = preSolution
		{489B2A2F-8E10-4079-B02F-14772AF79260} = {827E0CD3-B72D-47B6-A68D-7590B98EB39B}
		{0B2B9D96-B4F3-4D64-9703-D20217F1AA28} = {827E0CD3-B72D-47B6-A68D-7590B98EB39B}
		{AB1DE02C-47E7-45BF-A610-A3C42C9FB897} = {827E0CD3-B72D-47B6-A68D-7590B98EB39B}
		{F4009065-F680-4316-8C75-6E1132BCF03F} = {827E0CD3-B72D-47B6-A68D-7590B98EB39B}
	EndGlobalSection
EndGlobal
